
Microsoft Visual Studio Solution File, Format Version 12.00
# Visual Studio Version 17
VisualStudioVersion = 17.8.34330.188
MinimumVisualStudioVersion = 10.0.40219.1
Project("{FAE04EC0-301F-11D3-BF4B-00C04F79EFBC}") = "PaintUsingInk", "PaintUsingInk\PaintUsingInk.csproj", "{5D5CB0B2-E22C-4350-B104-69A4A8E7F945}"
EndProject
Global
	GlobalSection(SolutionConfigurationPlatforms) = preSolution
		Debug|Any CPU = Debug|Any CPU
		Release|Any CPU = Release|Any CPU
	EndGlobalSection
	GlobalSection(ProjectConfigurationPlatforms) = postSolution
		{5D5CB0B2-E22C-4350-B104-69A4A8E7F945}.Debug|Any CPU.ActiveCfg = Debug|Any CPU
		{5D5CB0B2-E22C-4350-B104-69A4A8E7F945}.Debug|Any CPU.Build.0 = Debug|Any CPU
		{5D5CB0B2-E22C-4350-B104-69A4A8E7F945}.Release|Any CPU.ActiveCfg = Release|Any CPU
		{5D5CB0B2-E22C-4350-B104-69A4A8E7F945}.Release|Any CPU.Build.0 = Release|Any CPU
	EndGlobalSection
	GlobalSection(SolutionProperties) = preSolution
		HideSolutionNode = FALSE
	EndGlobalSection
	GlobalSection(ExtensibilityGlobals) = postSolution
		SolutionGuid = {5275AE3F-D82E-4505-92DD-B4AF6353F70D}
	EndGlobalSection
EndGlobal
